<?xml version="1.0" encoding="UTF-8"?>
<!DOCTYPE plist PUBLIC "-//Apple//DTD PLIST 1.0//EN" "http://www.apple.com/DTDs/PropertyList-1.0.dtd">
<plist version="1.0">
<dict>
	<key>archiveVersion</key>
	<string>1</string>
	<key>classes</key>
	<dict/>
	<key>objectVersion</key>
	<string>46</string>
	<key>objects</key>
	<dict>
		<key>53126889A48A2F4D92DBE689</key>
		<dict>
			<key>explicitFileType</key>
			<string>archive.ar</string>
			<key>includeInIndex</key>
			<string>0</string>
			<key>isa</key>
			<string>PBXFileReference</string>
			<key>path</key>
			<string>libPods-TemplateCocoa.a</string>
			<key>sourceTree</key>
			<string>BUILT_PRODUCTS_DIR</string>
		</dict>
		<key>5DA06E6B8A71F543C54906FD</key>
		<dict>
			<key>buildActionMask</key>
			<string>2147483647</string>
			<key>files</key>
			<array/>
			<key>inputPaths</key>
			<array/>
			<key>isa</key>
			<string>PBXShellScriptBuildPhase</string>
			<key>name</key>
			<string>[CP] Embed Pods Frameworks</string>
			<key>outputPaths</key>
			<array/>
			<key>runOnlyForDeploymentPostprocessing</key>
			<string>0</string>
			<key>shellPath</key>
			<string>/bin/sh</string>
			<key>shellScript</key>
			<string>"${SRCROOT}/Pods/Target Support Files/Pods-TemplateCocoa/Pods-TemplateCocoa-frameworks.sh"
</string>
			<key>showEnvVarsInLog</key>
			<string>0</string>
		</dict>
		<key>711E8E9C51665DD06224824D</key>
		<dict>
			<key>includeInIndex</key>
			<string>1</string>
			<key>isa</key>
			<string>PBXFileReference</string>
			<key>lastKnownFileType</key>
			<string>text.xcconfig</string>
			<key>name</key>
			<string>Pods-TemplateCocoa.release.xcconfig</string>
			<key>path</key>
			<string>Pods/Target Support Files/Pods-TemplateCocoa/Pods-TemplateCocoa.release.xcconfig</string>
			<key>sourceTree</key>
			<string>&lt;group&gt;</string>
		</dict>
		<key>72A52F8BC007CD4EB6449A1A</key>
		<dict>
			<key>children</key>
			<array>
				<string>53126889A48A2F4D92DBE689</string>
			</array>
			<key>isa</key>
			<string>PBXGroup</string>
			<key>name</key>
			<string>Frameworks</string>
			<key>sourceTree</key>
			<string>&lt;group&gt;</string>
		</dict>
		<key>81634A5CC15389535056EC38</key>
		<dict>
			<key>children</key>
			<array>
				<string>9DF5DDB6C508D638FA3E5FBD</string>
				<string>711E8E9C51665DD06224824D</string>
			</array>
			<key>isa</key>
			<string>PBXGroup</string>
			<key>name</key>
			<string>Pods</string>
			<key>sourceTree</key>
			<string>&lt;group&gt;</string>
		</dict>
		<key>8D07A2A05919015CD541EB6F</key>
		<dict>
			<key>buildActionMask</key>
			<string>2147483647</string>
			<key>files</key>
			<array/>
			<key>inputPaths</key>
			<array/>
			<key>isa</key>
			<string>PBXShellScriptBuildPhase</string>
			<key>name</key>
			<string>[CP] Copy Pods Resources</string>
			<key>outputPaths</key>
			<array/>
			<key>runOnlyForDeploymentPostprocessing</key>
			<string>0</string>
			<key>shellPath</key>
			<string>/bin/sh</string>
			<key>shellScript</key>
			<string>"${SRCROOT}/Pods/Target Support Files/Pods-TemplateCocoa/Pods-TemplateCocoa-resources.sh"
</string>
			<key>showEnvVarsInLog</key>
			<string>0</string>
		</dict>
		<key>9DF5DDB6C508D638FA3E5FBD</key>
		<dict>
			<key>includeInIndex</key>
			<string>1</string>
			<key>isa</key>
			<string>PBXFileReference</string>
			<key>lastKnownFileType</key>
			<string>text.xcconfig</string>
			<key>name</key>
			<string>Pods-TemplateCocoa.debug.xcconfig</string>
			<key>path</key>
			<string>Pods/Target Support Files/Pods-TemplateCocoa/Pods-TemplateCocoa.debug.xcconfig</string>
			<key>sourceTree</key>
			<string>&lt;group&gt;</string>
		</dict>
		<key>A03E46DB1E0263FC0013AD24</key>
		<dict>
			<key>fileEncoding</key>
			<string>4</string>
			<key>isa</key>
			<string>PBXFileReference</string>
			<key>lastKnownFileType</key>
			<string>file.storyboard</string>
			<key>path</key>
			<string>Main.storyboard</string>
			<key>sourceTree</key>
			<string>&lt;group&gt;</string>
		</dict>
		<key>A03E46DC1E0263FC0013AD24</key>
		<dict>
			<key>fileRef</key>
			<string>A03E46DB1E0263FC0013AD24</string>
			<key>isa</key>
			<string>PBXBuildFile</string>
		</dict>
		<key>A0EF534D1E0258D500DE645C</key>
		<dict>
			<key>children</key>
			<array>
				<string>A0EF53581E0258D500DE645C</string>
				<string>A0EF53721E0258D500DE645C</string>
				<string>A0EF537D1E0258D500DE645C</string>
				<string>A0EF53571E0258D500DE645C</string>
				<string>81634A5CC15389535056EC38</string>
				<string>72A52F8BC007CD4EB6449A1A</string>
			</array>
			<key>isa</key>
			<string>PBXGroup</string>
			<key>sourceTree</key>
			<string>&lt;group&gt;</string>
		</dict>
		<key>A0EF534E1E0258D500DE645C</key>
		<dict>
			<key>attributes</key>
			<dict>
				<key>LastUpgradeCheck</key>
				<string>0810</string>
				<key>ORGANIZATIONNAME</key>
				<string>DS</string>
				<key>TargetAttributes</key>
				<dict>
					<key>A0EF53551E0258D500DE645C</key>
					<dict>
						<key>CreatedOnToolsVersion</key>
						<string>8.1</string>
						<key>DevelopmentTeam</key>
						<string>CEW846XYSB</string>
						<key>ProvisioningStyle</key>
						<string>Automatic</string>
					</dict>
					<key>A0EF536E1E0258D500DE645C</key>
					<dict>
						<key>CreatedOnToolsVersion</key>
						<string>8.1</string>
						<key>DevelopmentTeam</key>
						<string>CEW846XYSB</string>
						<key>ProvisioningStyle</key>
						<string>Automatic</string>
						<key>TestTargetID</key>
						<string>A0EF53551E0258D500DE645C</string>
					</dict>
					<key>A0EF53791E0258D500DE645C</key>
					<dict>
						<key>CreatedOnToolsVersion</key>
						<string>8.1</string>
						<key>DevelopmentTeam</key>
						<string>CEW846XYSB</string>
						<key>ProvisioningStyle</key>
						<string>Automatic</string>
						<key>TestTargetID</key>
						<string>A0EF53551E0258D500DE645C</string>
					</dict>
				</dict>
			</dict>
			<key>buildConfigurationList</key>
			<string>A0EF53511E0258D500DE645C</string>
			<key>compatibilityVersion</key>
			<string>Xcode 3.2</string>
			<key>developmentRegion</key>
			<string>English</string>
			<key>hasScannedForEncodings</key>
			<string>0</string>
			<key>isa</key>
			<string>PBXProject</string>
			<key>knownRegions</key>
			<array>
				<string>en</string>
				<string>Base</string>
			</array>
			<key>mainGroup</key>
			<string>A0EF534D1E0258D500DE645C</string>
			<key>productRefGroup</key>
			<string>A0EF53571E0258D500DE645C</string>
			<key>projectDirPath</key>
			<string></string>
			<key>projectReferences</key>
			<array/>
			<key>projectRoot</key>
			<string></string>
			<key>targets</key>
			<array>
				<string>A0EF53551E0258D500DE645C</string>
				<string>A0EF536E1E0258D500DE645C</string>
				<string>A0EF53791E0258D500DE645C</string>
			</array>
		</dict>
		<key>A0EF53511E0258D500DE645C</key>
		<dict>
			<key>buildConfigurations</key>
			<array>
				<string>A0EF53811E0258D500DE645C</string>
				<string>A0EF53821E0258D500DE645C</string>
			</array>
			<key>defaultConfigurationIsVisible</key>
			<string>0</string>
			<key>defaultConfigurationName</key>
			<string>Release</string>
			<key>isa</key>
			<string>XCConfigurationList</string>
		</dict>
		<key>A0EF53521E0258D500DE645C</key>
		<dict>
			<key>buildActionMask</key>
			<string>2147483647</string>
			<key>files</key>
			<array>
				<string>A0EF53C31E025D0800DE645C</string>
				<string>A0EF53A11E025BD300DE645C</string>
				<string>A0EF53D41E025DF100DE645C</string>
				<string>A0EF53DD1E025E1100DE645C</string>
				<string>A0EF53C01E025CEF00DE645C</string>
				<string>A0EF53D71E025E0000DE645C</string>
				<string>A0EF53DA1E025E0800DE645C</string>
				<string>A0EF539E1E025BC200DE645C</string>
				<string>A0EF53A41E025BE200DE645C</string>
				<string>A0EF53BD1E025CC500DE645C</string>
				<string>A0EF535E1E0258D500DE645C</string>
				<string>A0EF535B1E0258D500DE645C</string>
				<string>A0EF53CD1E025D7C00DE645C</string>
				<string>A0EF53D11E025DB900DE645C</string>
				<string>A0EF53BC1E025CC500DE645C</string>
				<string>A0EF53CA1E025D6F00DE645C</string>
				<string>A0EF53BB1E025CC500DE645C</string>
				<string>A0EF539B1E025BAA00DE645C</string>
			</array>
			<key>isa</key>
			<string>PBXSourcesBuildPhase</string>
			<key>runOnlyForDeploymentPostprocessing</key>
			<string>0</string>
		</dict>
		<key>A0EF53531E0258D500DE645C</key>
		<dict>
			<key>buildActionMask</key>
			<string>2147483647</string>
			<key>files</key>
			<array>
				<string>CEBE9BB6FB0A194CA0F41C18</string>
			</array>
			<key>isa</key>
			<string>PBXFrameworksBuildPhase</string>
			<key>runOnlyForDeploymentPostprocessing</key>
			<string>0</string>
		</dict>
		<key>A0EF53541E0258D500DE645C</key>
		<dict>
			<key>buildActionMask</key>
			<string>2147483647</string>
			<key>files</key>
			<array>
				<string>A03E46DC1E0263FC0013AD24</string>
				<string>A0EF53691E0258D500DE645C</string>
				<string>A0EF53661E0258D500DE645C</string>
			</array>
			<key>isa</key>
			<string>PBXResourcesBuildPhase</string>
			<key>runOnlyForDeploymentPostprocessing</key>
			<string>0</string>
		</dict>
		<key>A0EF53551E0258D500DE645C</key>
		<dict>
			<key>buildConfigurationList</key>
			<string>A0EF53831E0258D500DE645C</string>
			<key>buildPhases</key>
			<array>
				<string>A96AC59FACAAD8615B39C4C0</string>
				<string>A0EF53521E0258D500DE645C</string>
				<string>A0EF53531E0258D500DE645C</string>
				<string>A0EF53541E0258D500DE645C</string>
				<string>5DA06E6B8A71F543C54906FD</string>
				<string>8D07A2A05919015CD541EB6F</string>
			</array>
			<key>buildRules</key>
			<array/>
			<key>dependencies</key>
			<array/>
			<key>isa</key>
			<string>PBXNativeTarget</string>
			<key>name</key>
			<string>TemplateCocoa</string>
			<key>productName</key>
			<string>TemplateCocoa</string>
			<key>productReference</key>
			<string>A0EF53561E0258D500DE645C</string>
			<key>productType</key>
			<string>com.apple.product-type.application</string>
		</dict>
		<key>A0EF53561E0258D500DE645C</key>
		<dict>
			<key>explicitFileType</key>
			<string>wrapper.application</string>
			<key>includeInIndex</key>
			<string>0</string>
			<key>isa</key>
			<string>PBXFileReference</string>
			<key>path</key>
			<string>TemplateCocoa.app</string>
			<key>sourceTree</key>
			<string>BUILT_PRODUCTS_DIR</string>
		</dict>
		<key>A0EF53571E0258D500DE645C</key>
		<dict>
			<key>children</key>
			<array>
				<string>A0EF53561E0258D500DE645C</string>
				<string>A0EF536F1E0258D500DE645C</string>
				<string>A0EF537A1E0258D500DE645C</string>
			</array>
			<key>isa</key>
			<string>PBXGroup</string>
			<key>name</key>
			<string>Products</string>
			<key>sourceTree</key>
			<string>&lt;group&gt;</string>
		</dict>
		<key>A0EF53581E0258D500DE645C</key>
		<dict>
			<key>children</key>
			<array>
				<string>A0EF535C1E0258D500DE645C</string>
				<string>A0EF535D1E0258D500DE645C</string>
				<string>A0EF538C1E0259C000DE645C</string>
				<string>A0EF538D1E0259C000DE645C</string>
				<string>A0EF538E1E0259C000DE645C</string>
				<string>A0EF538F1E0259C000DE645C</string>
				<string>A0EF53901E0259C000DE645C</string>
				<string>A0EF53911E0259C000DE645C</string>
				<string>A0EF53CE1E025DAB00DE645C</string>
				<string>A0EF53981E0259C000DE645C</string>
				<string>A0EF53921E0259C000DE645C</string>
				<string>A0EF53651E0258D500DE645C</string>
				<string>A0EF53671E0258D500DE645C</string>
				<string>A03E46DB1E0263FC0013AD24</string>
				<string>A0EF536A1E0258D500DE645C</string>
				<string>A0EF53DE1E025E2A00DE645C</string>
				<string>A0EF53591E0258D500DE645C</string>
			</array>
			<key>isa</key>
			<string>PBXGroup</string>
			<key>path</key>
			<string>TemplateCocoa</string>
			<key>sourceTree</key>
			<string>&lt;group&gt;</string>
		</dict>
		<key>A0EF53591E0258D500DE645C</key>
		<dict>
			<key>children</key>
			<array>
				<string>A0EF535A1E0258D500DE645C</string>
			</array>
			<key>isa</key>
			<string>PBXGroup</string>
			<key>name</key>
			<string>Supporting Files</string>
			<key>sourceTree</key>
			<string>&lt;group&gt;</string>
		</dict>
		<key>A0EF535A1E0258D500DE645C</key>
		<dict>
			<key>isa</key>
			<string>PBXFileReference</string>
			<key>lastKnownFileType</key>
			<string>sourcecode.c.objc</string>
			<key>path</key>
			<string>main.m</string>
			<key>sourceTree</key>
			<string>&lt;group&gt;</string>
		</dict>
		<key>A0EF535B1E0258D500DE645C</key>
		<dict>
			<key>fileRef</key>
			<string>A0EF535A1E0258D500DE645C</string>
			<key>isa</key>
			<string>PBXBuildFile</string>
		</dict>
		<key>A0EF535C1E0258D500DE645C</key>
		<dict>
			<key>isa</key>
			<string>PBXFileReference</string>
			<key>lastKnownFileType</key>
			<string>sourcecode.c.h</string>
			<key>path</key>
			<string>AppDelegate.h</string>
			<key>sourceTree</key>
			<string>&lt;group&gt;</string>
		</dict>
		<key>A0EF535D1E0258D500DE645C</key>
		<dict>
			<key>isa</key>
			<string>PBXFileReference</string>
			<key>lastKnownFileType</key>
			<string>sourcecode.c.objc</string>
			<key>path</key>
			<string>AppDelegate.m</string>
			<key>sourceTree</key>
			<string>&lt;group&gt;</string>
		</dict>
		<key>A0EF535E1E0258D500DE645C</key>
		<dict>
			<key>fileRef</key>
			<string>A0EF535D1E0258D500DE645C</string>
			<key>isa</key>
			<string>PBXBuildFile</string>
		</dict>
		<key>A0EF53651E0258D500DE645C</key>
		<dict>
			<key>isa</key>
			<string>PBXFileReference</string>
			<key>lastKnownFileType</key>
			<string>folder.assetcatalog</string>
			<key>path</key>
			<string>Assets.xcassets</string>
			<key>sourceTree</key>
			<string>&lt;group&gt;</string>
		</dict>
		<key>A0EF53661E0258D500DE645C</key>
		<dict>
			<key>fileRef</key>
			<string>A0EF53651E0258D500DE645C</string>
			<key>isa</key>
			<string>PBXBuildFile</string>
		</dict>
		<key>A0EF53671E0258D500DE645C</key>
		<dict>
			<key>children</key>
			<array>
				<string>A0EF53681E0258D500DE645C</string>
			</array>
			<key>isa</key>
			<string>PBXVariantGroup</string>
			<key>name</key>
			<string>LaunchScreen.storyboard</string>
			<key>sourceTree</key>
			<string>&lt;group&gt;</string>
		</dict>
		<key>A0EF53681E0258D500DE645C</key>
		<dict>
			<key>isa</key>
			<string>PBXFileReference</string>
			<key>lastKnownFileType</key>
			<string>file.storyboard</string>
			<key>name</key>
			<string>Base</string>
			<key>path</key>
			<string>Base.lproj/LaunchScreen.storyboard</string>
			<key>sourceTree</key>
			<string>&lt;group&gt;</string>
		</dict>
		<key>A0EF53691E0258D500DE645C</key>
		<dict>
			<key>fileRef</key>
			<string>A0EF53671E0258D500DE645C</string>
			<key>isa</key>
			<string>PBXBuildFile</string>
		</dict>
		<key>A0EF536A1E0258D500DE645C</key>
		<dict>
			<key>isa</key>
			<string>PBXFileReference</string>
			<key>lastKnownFileType</key>
			<string>text.plist.xml</string>
			<key>path</key>
			<string>Info.plist</string>
			<key>sourceTree</key>
			<string>&lt;group&gt;</string>
		</dict>
		<key>A0EF536B1E0258D500DE645C</key>
		<dict>
			<key>buildActionMask</key>
			<string>2147483647</string>
			<key>files</key>
			<array>
				<string>A0EF53741E0258D500DE645C</string>
			</array>
			<key>isa</key>
			<string>PBXSourcesBuildPhase</string>
			<key>runOnlyForDeploymentPostprocessing</key>
			<string>0</string>
		</dict>
		<key>A0EF536C1E0258D500DE645C</key>
		<dict>
			<key>buildActionMask</key>
			<string>2147483647</string>
			<key>files</key>
			<array/>
			<key>isa</key>
			<string>PBXFrameworksBuildPhase</string>
			<key>runOnlyForDeploymentPostprocessing</key>
			<string>0</string>
		</dict>
		<key>A0EF536D1E0258D500DE645C</key>
		<dict>
			<key>buildActionMask</key>
			<string>2147483647</string>
			<key>files</key>
			<array/>
			<key>isa</key>
			<string>PBXResourcesBuildPhase</string>
			<key>runOnlyForDeploymentPostprocessing</key>
			<string>0</string>
		</dict>
		<key>A0EF536E1E0258D500DE645C</key>
		<dict>
			<key>buildConfigurationList</key>
			<string>A0EF53861E0258D500DE645C</string>
			<key>buildPhases</key>
			<array>
				<string>A0EF536B1E0258D500DE645C</string>
				<string>A0EF536C1E0258D500DE645C</string>
				<string>A0EF536D1E0258D500DE645C</string>
			</array>
			<key>buildRules</key>
			<array/>
			<key>dependencies</key>
			<array>
				<string>A0EF53711E0258D500DE645C</string>
			</array>
			<key>isa</key>
			<string>PBXNativeTarget</string>
			<key>name</key>
			<string>TemplateCocoaTests</string>
			<key>productName</key>
			<string>TemplateCocoaTests</string>
			<key>productReference</key>
			<string>A0EF536F1E0258D500DE645C</string>
			<key>productType</key>
			<string>com.apple.product-type.bundle.unit-test</string>
		</dict>
		<key>A0EF536F1E0258D500DE645C</key>
		<dict>
			<key>explicitFileType</key>
			<string>wrapper.cfbundle</string>
			<key>includeInIndex</key>
			<string>0</string>
			<key>isa</key>
			<string>PBXFileReference</string>
			<key>path</key>
			<string>TemplateCocoaTests.xctest</string>
			<key>sourceTree</key>
			<string>BUILT_PRODUCTS_DIR</string>
		</dict>
		<key>A0EF53701E0258D500DE645C</key>
		<dict>
			<key>containerPortal</key>
			<string>A0EF534E1E0258D500DE645C</string>
			<key>isa</key>
			<string>PBXContainerItemProxy</string>
			<key>proxyType</key>
			<string>1</string>
			<key>remoteGlobalIDString</key>
			<string>A0EF53551E0258D500DE645C</string>
			<key>remoteInfo</key>
			<string>TemplateCocoa</string>
		</dict>
		<key>A0EF53711E0258D500DE645C</key>
		<dict>
			<key>isa</key>
			<string>PBXTargetDependency</string>
			<key>target</key>
			<string>A0EF53551E0258D500DE645C</string>
			<key>targetProxy</key>
			<string>A0EF53701E0258D500DE645C</string>
		</dict>
		<key>A0EF53721E0258D500DE645C</key>
		<dict>
			<key>children</key>
			<array>
				<string>A0EF53731E0258D500DE645C</string>
				<string>A0EF53751E0258D500DE645C</string>
			</array>
			<key>isa</key>
			<string>PBXGroup</string>
			<key>path</key>
			<string>TemplateCocoaTests</string>
			<key>sourceTree</key>
			<string>&lt;group&gt;</string>
		</dict>
		<key>A0EF53731E0258D500DE645C</key>
		<dict>
			<key>isa</key>
			<string>PBXFileReference</string>
			<key>lastKnownFileType</key>
			<string>sourcecode.c.objc</string>
			<key>path</key>
			<string>TemplateCocoaTests.m</string>
			<key>sourceTree</key>
			<string>&lt;group&gt;</string>
		</dict>
		<key>A0EF53741E0258D500DE645C</key>
		<dict>
			<key>fileRef</key>
			<string>A0EF53731E0258D500DE645C</string>
			<key>isa</key>
			<string>PBXBuildFile</string>
		</dict>
		<key>A0EF53751E0258D500DE645C</key>
		<dict>
			<key>isa</key>
			<string>PBXFileReference</string>
			<key>lastKnownFileType</key>
			<string>text.plist.xml</string>
			<key>path</key>
			<string>Info.plist</string>
			<key>sourceTree</key>
			<string>&lt;group&gt;</string>
		</dict>
		<key>A0EF53761E0258D500DE645C</key>
		<dict>
			<key>buildActionMask</key>
			<string>2147483647</string>
			<key>files</key>
			<array>
				<string>A0EF537F1E0258D500DE645C</string>
			</array>
			<key>isa</key>
			<string>PBXSourcesBuildPhase</string>
			<key>runOnlyForDeploymentPostprocessing</key>
			<string>0</string>
		</dict>
		<key>A0EF53771E0258D500DE645C</key>
		<dict>
			<key>buildActionMask</key>
			<string>2147483647</string>
			<key>files</key>
			<array/>
			<key>isa</key>
			<string>PBXFrameworksBuildPhase</string>
			<key>runOnlyForDeploymentPostprocessing</key>
			<string>0</string>
		</dict>
		<key>A0EF53781E0258D500DE645C</key>
		<dict>
			<key>buildActionMask</key>
			<string>2147483647</string>
			<key>files</key>
			<array/>
			<key>isa</key>
			<string>PBXResourcesBuildPhase</string>
			<key>runOnlyForDeploymentPostprocessing</key>
			<string>0</string>
		</dict>
		<key>A0EF53791E0258D500DE645C</key>
		<dict>
			<key>buildConfigurationList</key>
			<string>A0EF53891E0258D500DE645C</string>
			<key>buildPhases</key>
			<array>
				<string>A0EF53761E0258D500DE645C</string>
				<string>A0EF53771E0258D500DE645C</string>
				<string>A0EF53781E0258D500DE645C</string>
			</array>
			<key>buildRules</key>
			<array/>
			<key>dependencies</key>
			<array>
				<string>A0EF537C1E0258D500DE645C</string>
			</array>
			<key>isa</key>
			<string>PBXNativeTarget</string>
			<key>name</key>
			<string>TemplateCocoaUITests</string>
			<key>productName</key>
			<string>TemplateCocoaUITests</string>
			<key>productReference</key>
			<string>A0EF537A1E0258D500DE645C</string>
			<key>productType</key>
			<string>com.apple.product-type.bundle.ui-testing</string>
		</dict>
		<key>A0EF537A1E0258D500DE645C</key>
		<dict>
			<key>explicitFileType</key>
			<string>wrapper.cfbundle</string>
			<key>includeInIndex</key>
			<string>0</string>
			<key>isa</key>
			<string>PBXFileReference</string>
			<key>path</key>
			<string>TemplateCocoaUITests.xctest</string>
			<key>sourceTree</key>
			<string>BUILT_PRODUCTS_DIR</string>
		</dict>
		<key>A0EF537B1E0258D500DE645C</key>
		<dict>
			<key>containerPortal</key>
			<string>A0EF534E1E0258D500DE645C</string>
			<key>isa</key>
			<string>PBXContainerItemProxy</string>
			<key>proxyType</key>
			<string>1</string>
			<key>remoteGlobalIDString</key>
			<string>A0EF53551E0258D500DE645C</string>
			<key>remoteInfo</key>
			<string>TemplateCocoa</string>
		</dict>
		<key>A0EF537C1E0258D500DE645C</key>
		<dict>
			<key>isa</key>
			<string>PBXTargetDependency</string>
			<key>target</key>
			<string>A0EF53551E0258D500DE645C</string>
			<key>targetProxy</key>
			<string>A0EF537B1E0258D500DE645C</string>
		</dict>
		<key>A0EF537D1E0258D500DE645C</key>
		<dict>
			<key>children</key>
			<array>
				<string>A0EF537E1E0258D500DE645C</string>
				<string>A0EF53801E0258D500DE645C</string>
			</array>
			<key>isa</key>
			<string>PBXGroup</string>
			<key>path</key>
			<string>TemplateCocoaUITests</string>
			<key>sourceTree</key>
			<string>&lt;group&gt;</string>
		</dict>
		<key>A0EF537E1E0258D500DE645C</key>
		<dict>
			<key>isa</key>
			<string>PBXFileReference</string>
			<key>lastKnownFileType</key>
			<string>sourcecode.c.objc</string>
			<key>path</key>
			<string>TemplateCocoaUITests.m</string>
			<key>sourceTree</key>
			<string>&lt;group&gt;</string>
		</dict>
		<key>A0EF537F1E0258D500DE645C</key>
		<dict>
			<key>fileRef</key>
			<string>A0EF537E1E0258D500DE645C</string>
			<key>isa</key>
			<string>PBXBuildFile</string>
		</dict>
		<key>A0EF53801E0258D500DE645C</key>
		<dict>
			<key>isa</key>
			<string>PBXFileReference</string>
			<key>lastKnownFileType</key>
			<string>text.plist.xml</string>
			<key>path</key>
			<string>Info.plist</string>
			<key>sourceTree</key>
			<string>&lt;group&gt;</string>
		</dict>
		<key>A0EF53811E0258D500DE645C</key>
		<dict>
			<key>buildSettings</key>
			<dict>
				<key>ALWAYS_SEARCH_USER_PATHS</key>
				<string>NO</string>
				<key>CLANG_ANALYZER_NONNULL</key>
				<string>YES</string>
				<key>CLANG_CXX_LANGUAGE_STANDARD</key>
				<string>gnu++0x</string>
				<key>CLANG_CXX_LIBRARY</key>
				<string>libc++</string>
				<key>CLANG_ENABLE_MODULES</key>
				<string>YES</string>
				<key>CLANG_ENABLE_OBJC_ARC</key>
				<string>YES</string>
				<key>CLANG_WARN_BOOL_CONVERSION</key>
				<string>YES</string>
				<key>CLANG_WARN_CONSTANT_CONVERSION</key>
				<string>YES</string>
				<key>CLANG_WARN_DIRECT_OBJC_ISA_USAGE</key>
				<string>YES_ERROR</string>
				<key>CLANG_WARN_DOCUMENTATION_COMMENTS</key>
				<string>YES</string>
				<key>CLANG_WARN_EMPTY_BODY</key>
				<string>YES</string>
				<key>CLANG_WARN_ENUM_CONVERSION</key>
				<string>YES</string>
				<key>CLANG_WARN_INFINITE_RECURSION</key>
				<string>YES</string>
				<key>CLANG_WARN_INT_CONVERSION</key>
				<string>YES</string>
				<key>CLANG_WARN_OBJC_ROOT_CLASS</key>
				<string>YES_ERROR</string>
				<key>CLANG_WARN_SUSPICIOUS_MOVES</key>
				<string>YES</string>
				<key>CLANG_WARN_UNREACHABLE_CODE</key>
				<string>YES</string>
				<key>CLANG_WARN__DUPLICATE_METHOD_MATCH</key>
				<string>YES</string>
				<key>CODE_SIGN_IDENTITY[sdk=iphoneos*]</key>
				<string>iPhone Developer</string>
				<key>COPY_PHASE_STRIP</key>
				<string>NO</string>
				<key>DEBUG_INFORMATION_FORMAT</key>
				<string>dwarf</string>
				<key>ENABLE_STRICT_OBJC_MSGSEND</key>
				<string>YES</string>
				<key>ENABLE_TESTABILITY</key>
				<string>YES</string>
				<key>GCC_C_LANGUAGE_STANDARD</key>
				<string>gnu99</string>
				<key>GCC_DYNAMIC_NO_PIC</key>
				<string>NO</string>
				<key>GCC_NO_COMMON_BLOCKS</key>
				<string>YES</string>
				<key>GCC_OPTIMIZATION_LEVEL</key>
				<string>0</string>
				<key>GCC_PREPROCESSOR_DEFINITIONS</key>
				<array>
					<string>DEBUG=1</string>
					<string>$(inherited)</string>
				</array>
				<key>GCC_WARN_64_TO_32_BIT_CONVERSION</key>
				<string>YES</string>
				<key>GCC_WARN_ABOUT_RETURN_TYPE</key>
				<string>YES_ERROR</string>
				<key>GCC_WARN_UNDECLARED_SELECTOR</key>
				<string>YES</string>
				<key>GCC_WARN_UNINITIALIZED_AUTOS</key>
				<string>YES_AGGRESSIVE</string>
				<key>GCC_WARN_UNUSED_FUNCTION</key>
				<string>YES</string>
				<key>GCC_WARN_UNUSED_VARIABLE</key>
				<string>YES</string>
				<key>IPHONEOS_DEPLOYMENT_TARGET</key>
				<string>10.1</string>
				<key>MTL_ENABLE_DEBUG_INFO</key>
				<string>YES</string>
				<key>ONLY_ACTIVE_ARCH</key>
				<string>YES</string>
				<key>SDKROOT</key>
				<string>iphoneos</string>
			</dict>
			<key>isa</key>
			<string>XCBuildConfiguration</string>
			<key>name</key>
			<string>Debug</string>
		</dict>
		<key>A0EF53821E0258D500DE645C</key>
		<dict>
			<key>buildSettings</key>
			<dict>
				<key>ALWAYS_SEARCH_USER_PATHS</key>
				<string>NO</string>
				<key>CLANG_ANALYZER_NONNULL</key>
				<string>YES</string>
				<key>CLANG_CXX_LANGUAGE_STANDARD</key>
				<string>gnu++0x</string>
				<key>CLANG_CXX_LIBRARY</key>
				<string>libc++</string>
				<key>CLANG_ENABLE_MODULES</key>
				<string>YES</string>
				<key>CLANG_ENABLE_OBJC_ARC</key>
				<string>YES</string>
				<key>CLANG_WARN_BOOL_CONVERSION</key>
				<string>YES</string>
				<key>CLANG_WARN_CONSTANT_CONVERSION</key>
				<string>YES</string>
				<key>CLANG_WARN_DIRECT_OBJC_ISA_USAGE</key>
				<string>YES_ERROR</string>
				<key>CLANG_WARN_DOCUMENTATION_COMMENTS</key>
				<string>YES</string>
				<key>CLANG_WARN_EMPTY_BODY</key>
				<string>YES</string>
				<key>CLANG_WARN_ENUM_CONVERSION</key>
				<string>YES</string>
				<key>CLANG_WARN_INFINITE_RECURSION</key>
				<string>YES</string>
				<key>CLANG_WARN_INT_CONVERSION</key>
				<string>YES</string>
				<key>CLANG_WARN_OBJC_ROOT_CLASS</key>
				<string>YES_ERROR</string>
				<key>CLANG_WARN_SUSPICIOUS_MOVES</key>
				<string>YES</string>
				<key>CLANG_WARN_UNREACHABLE_CODE</key>
				<string>YES</string>
				<key>CLANG_WARN__DUPLICATE_METHOD_MATCH</key>
				<string>YES</string>
				<key>CODE_SIGN_IDENTITY[sdk=iphoneos*]</key>
				<string>iPhone Developer</string>
				<key>COPY_PHASE_STRIP</key>
				<string>NO</string>
				<key>DEBUG_INFORMATION_FORMAT</key>
				<string>dwarf-with-dsym</string>
				<key>ENABLE_NS_ASSERTIONS</key>
				<string>NO</string>
				<key>ENABLE_STRICT_OBJC_MSGSEND</key>
				<string>YES</string>
				<key>GCC_C_LANGUAGE_STANDARD</key>
				<string>gnu99</string>
				<key>GCC_NO_COMMON_BLOCKS</key>
				<string>YES</string>
				<key>GCC_WARN_64_TO_32_BIT_CONVERSION</key>
				<string>YES</string>
				<key>GCC_WARN_ABOUT_RETURN_TYPE</key>
				<string>YES_ERROR</string>
				<key>GCC_WARN_UNDECLARED_SELECTOR</key>
				<string>YES</string>
				<key>GCC_WARN_UNINITIALIZED_AUTOS</key>
				<string>YES_AGGRESSIVE</string>
				<key>GCC_WARN_UNUSED_FUNCTION</key>
				<string>YES</string>
				<key>GCC_WARN_UNUSED_VARIABLE</key>
				<string>YES</string>
				<key>IPHONEOS_DEPLOYMENT_TARGET</key>
				<string>10.1</string>
				<key>MTL_ENABLE_DEBUG_INFO</key>
				<string>NO</string>
				<key>SDKROOT</key>
				<string>iphoneos</string>
				<key>VALIDATE_PRODUCT</key>
				<string>YES</string>
			</dict>
			<key>isa</key>
			<string>XCBuildConfiguration</string>
			<key>name</key>
			<string>Release</string>
		</dict>
		<key>A0EF53831E0258D500DE645C</key>
		<dict>
			<key>buildConfigurations</key>
			<array>
				<string>A0EF53841E0258D500DE645C</string>
				<string>A0EF53851E0258D500DE645C</string>
			</array>
			<key>defaultConfigurationIsVisible</key>
			<string>0</string>
			<key>defaultConfigurationName</key>
			<string>Release</string>
			<key>isa</key>
			<string>XCConfigurationList</string>
		</dict>
		<key>A0EF53841E0258D500DE645C</key>
		<dict>
			<key>baseConfigurationReference</key>
			<string>9DF5DDB6C508D638FA3E5FBD</string>
			<key>buildSettings</key>
			<dict>
				<key>DEVELOPMENT_TEAM</key>
				<string>CEW846XYSB</string>
				<key>INFOPLIST_FILE</key>
				<string>TemplateCocoa/Info.plist</string>
				<key>LD_RUNPATH_SEARCH_PATHS</key>
				<string>$(inherited) @executable_path/Frameworks</string>
				<key>PRODUCT_BUNDLE_IDENTIFIER</key>
				<string>DS.TemplateCocoa</string>
				<key>PRODUCT_NAME</key>
				<string>$(TARGET_NAME)</string>
			</dict>
			<key>isa</key>
			<string>XCBuildConfiguration</string>
			<key>name</key>
			<string>Debug</string>
		</dict>
		<key>A0EF53851E0258D500DE645C</key>
		<dict>
			<key>baseConfigurationReference</key>
			<string>711E8E9C51665DD06224824D</string>
			<key>buildSettings</key>
			<dict>
				<key>DEVELOPMENT_TEAM</key>
				<string>CEW846XYSB</string>
				<key>INFOPLIST_FILE</key>
				<string>TemplateCocoa/Info.plist</string>
				<key>LD_RUNPATH_SEARCH_PATHS</key>
				<string>$(inherited) @executable_path/Frameworks</string>
				<key>PRODUCT_BUNDLE_IDENTIFIER</key>
				<string>DS.TemplateCocoa</string>
				<key>PRODUCT_NAME</key>
				<string>$(TARGET_NAME)</string>
			</dict>
			<key>isa</key>
			<string>XCBuildConfiguration</string>
			<key>name</key>
			<string>Release</string>
		</dict>
		<key>A0EF53861E0258D500DE645C</key>
		<dict>
			<key>buildConfigurations</key>
			<array>
				<string>A0EF53871E0258D500DE645C</string>
				<string>A0EF53881E0258D500DE645C</string>
			</array>
			<key>defaultConfigurationIsVisible</key>
			<string>0</string>
			<key>defaultConfigurationName</key>
			<string>Release</string>
			<key>isa</key>
			<string>XCConfigurationList</string>
		</dict>
		<key>A0EF53871E0258D500DE645C</key>
		<dict>
			<key>buildSettings</key>
			<dict>
				<key>BUNDLE_LOADER</key>
				<string>$(TEST_HOST)</string>
				<key>DEVELOPMENT_TEAM</key>
				<string>CEW846XYSB</string>
				<key>INFOPLIST_FILE</key>
				<string>TemplateCocoaTests/Info.plist</string>
				<key>LD_RUNPATH_SEARCH_PATHS</key>
				<string>$(inherited) @executable_path/Frameworks @loader_path/Frameworks</string>
				<key>PRODUCT_BUNDLE_IDENTIFIER</key>
				<string>DS.TemplateCocoaTests</string>
				<key>PRODUCT_NAME</key>
				<string>$(TARGET_NAME)</string>
				<key>TEST_HOST</key>
				<string>$(BUILT_PRODUCTS_DIR)/TemplateCocoa.app/TemplateCocoa</string>
			</dict>
			<key>isa</key>
			<string>XCBuildConfiguration</string>
			<key>name</key>
			<string>Debug</string>
		</dict>
		<key>A0EF53881E0258D500DE645C</key>
		<dict>
			<key>buildSettings</key>
			<dict>
				<key>BUNDLE_LOADER</key>
				<string>$(TEST_HOST)</string>
				<key>DEVELOPMENT_TEAM</key>
				<string>CEW846XYSB</string>
				<key>INFOPLIST_FILE</key>
				<string>TemplateCocoaTests/Info.plist</string>
				<key>LD_RUNPATH_SEARCH_PATHS</key>
				<string>$(inherited) @executable_path/Frameworks @loader_path/Frameworks</string>
				<key>PRODUCT_BUNDLE_IDENTIFIER</key>
				<string>DS.TemplateCocoaTests</string>
				<key>PRODUCT_NAME</key>
				<string>$(TARGET_NAME)</string>
				<key>TEST_HOST</key>
				<string>$(BUILT_PRODUCTS_DIR)/TemplateCocoa.app/TemplateCocoa</string>
			</dict>
			<key>isa</key>
			<string>XCBuildConfiguration</string>
			<key>name</key>
			<string>Release</string>
		</dict>
		<key>A0EF53891E0258D500DE645C</key>
		<dict>
			<key>buildConfigurations</key>
			<array>
				<string>A0EF538A1E0258D500DE645C</string>
				<string>A0EF538B1E0258D500DE645C</string>
			</array>
			<key>defaultConfigurationIsVisible</key>
			<string>0</string>
			<key>defaultConfigurationName</key>
			<string>Release</string>
			<key>isa</key>
			<string>XCConfigurationList</string>
		</dict>
		<key>A0EF538A1E0258D500DE645C</key>
		<dict>
			<key>buildSettings</key>
			<dict>
				<key>DEVELOPMENT_TEAM</key>
				<string>CEW846XYSB</string>
				<key>INFOPLIST_FILE</key>
				<string>TemplateCocoaUITests/Info.plist</string>
				<key>LD_RUNPATH_SEARCH_PATHS</key>
				<string>$(inherited) @executable_path/Frameworks @loader_path/Frameworks</string>
				<key>PRODUCT_BUNDLE_IDENTIFIER</key>
				<string>DS.TemplateCocoaUITests</string>
				<key>PRODUCT_NAME</key>
				<string>$(TARGET_NAME)</string>
				<key>TEST_TARGET_NAME</key>
				<string>TemplateCocoa</string>
			</dict>
			<key>isa</key>
			<string>XCBuildConfiguration</string>
			<key>name</key>
			<string>Debug</string>
		</dict>
		<key>A0EF538B1E0258D500DE645C</key>
		<dict>
			<key>buildSettings</key>
			<dict>
				<key>DEVELOPMENT_TEAM</key>
				<string>CEW846XYSB</string>
				<key>INFOPLIST_FILE</key>
				<string>TemplateCocoaUITests/Info.plist</string>
				<key>LD_RUNPATH_SEARCH_PATHS</key>
				<string>$(inherited) @executable_path/Frameworks @loader_path/Frameworks</string>
				<key>PRODUCT_BUNDLE_IDENTIFIER</key>
				<string>DS.TemplateCocoaUITests</string>
				<key>PRODUCT_NAME</key>
				<string>$(TARGET_NAME)</string>
				<key>TEST_TARGET_NAME</key>
				<string>TemplateCocoa</string>
			</dict>
			<key>isa</key>
			<string>XCBuildConfiguration</string>
			<key>name</key>
			<string>Release</string>
		</dict>
		<key>A0EF538C1E0259C000DE645C</key>
		<dict>
			<key>children</key>
			<array>
				<string>A0EF539C1E025BC200DE645C</string>
				<string>A0EF539D1E025BC200DE645C</string>
				<string>A0EF539F1E025BD300DE645C</string>
				<string>A0EF53A01E025BD300DE645C</string>
				<string>A0EF53A21E025BE200DE645C</string>
				<string>A0EF53A31E025BE200DE645C</string>
				<string>A0EF53A51E025C2200DE645C</string>
				<string>A0EF53A61E025C2200DE645C</string>
				<string>A0EF53A71E025C2200DE645C</string>
				<string>A0EF53A81E025C2200DE645C</string>
			</array>
			<key>isa</key>
			<string>PBXGroup</string>
			<key>path</key>
			<string>APIs</string>
			<key>sourceTree</key>
			<string>&lt;group&gt;</string>
		</dict>
		<key>A0EF538D1E0259C000DE645C</key>
		<dict>
			<key>children</key>
			<array>
				<string>A0EF53B21E025CBD00DE645C</string>
				<string>A0EF53B31E025CBD00DE645C</string>
				<string>A0EF53B41E025CBD00DE645C</string>
			</array>
			<key>isa</key>
			<string>PBXGroup</string>
			<key>path</key>
			<string>Common</string>
			<key>sourceTree</key>
			<string>&lt;group&gt;</string>
		</dict>
		<key>A0EF538E1E0259C000DE645C</key>
		<dict>
			<key>children</key>
			<array/>
			<key>isa</key>
			<string>PBXGroup</string>
			<key>path</key>
			<string>Images</string>
			<key>sourceTree</key>
			<string>&lt;group&gt;</string>
		</dict>
		<key>A0EF538F1E0259C000DE645C</key>
		<dict>
			<key>children</key>
			<array>
				<string>A0EF53C41E025D4000DE645C</string>
				<string>A0EF53C51E025D4600DE645C</string>
				<string>A0EF53C61E025D4D00DE645C</string>
				<string>A0EF53C71E025D5B00DE645C</string>
			</array>
			<key>isa</key>
			<string>PBXGroup</string>
			<key>path</key>
			<string>Macro</string>
			<key>sourceTree</key>
			<string>&lt;group&gt;</string>
		</dict>
		<key>A0EF53901E0259C000DE645C</key>
		<dict>
			<key>children</key>
			<array>
				<string>A0EF53C81E025D6F00DE645C</string>
				<string>A0EF53C91E025D6F00DE645C</string>
				<string>A0EF53CB1E025D7C00DE645C</string>
				<string>A0EF53CC1E025D7C00DE645C</string>
			</array>
			<key>isa</key>
			<string>PBXGroup</string>
			<key>path</key>
			<string>Model</string>
			<key>sourceTree</key>
			<string>&lt;group&gt;</string>
		</dict>
		<key>A0EF53911E0259C000DE645C</key>
		<dict>
			<key>children</key>
			<array/>
			<key>isa</key>
			<string>PBXGroup</string>
			<key>path</key>
			<string>Resource</string>
			<key>sourceTree</key>
			<string>&lt;group&gt;</string>
		</dict>
		<key>A0EF53921E0259C000DE645C</key>
		<dict>
			<key>children</key>
			<array>
				<string>A0EF53931E0259C000DE645C</string>
				<string>A0EF53941E0259C000DE645C</string>
				<string>A0EF53951E0259C000DE645C</string>
				<string>A0EF53961E0259C000DE645C</string>
				<string>A0EF53971E0259C000DE645C</string>
			</array>
			<key>isa</key>
			<string>PBXGroup</string>
			<key>path</key>
			<string>VCs</string>
			<key>sourceTree</key>
			<string>&lt;group&gt;</string>
		</dict>
		<key>A0EF53931E0259C000DE645C</key>
		<dict>
			<key>children</key>
			<array>
				<string>A0EF53D21E025DF100DE645C</string>
				<string>A0EF53D31E025DF100DE645C</string>
			</array>
			<key>isa</key>
			<string>PBXGroup</string>
			<key>path</key>
			<string>Auth</string>
			<key>sourceTree</key>
			<string>&lt;group&gt;</string>
		</dict>
		<key>A0EF53941E0259C000DE645C</key>
		<dict>
			<key>children</key>
			<array>
				<string>A0EF53991E025BAA00DE645C</string>
				<string>A0EF539A1E025BAA00DE645C</string>
			</array>
			<key>isa</key>
			<string>PBXGroup</string>
			<key>path</key>
			<string>Guide</string>
			<key>sourceTree</key>
			<string>&lt;group&gt;</string>
		</dict>
		<key>A0EF53951E0259C000DE645C</key>
		<dict>
			<key>children</key>
			<array>
				<string>A0EF53D51E025E0000DE645C</string>
				<string>A0EF53D61E025E0000DE645C</string>
			</array>
			<key>isa</key>
			<string>PBXGroup</string>
			<key>path</key>
			<string>Library</string>
			<key>sourceTree</key>
			<string>&lt;group&gt;</string>
		</dict>
		<key>A0EF53961E0259C000DE645C</key>
		<dict>
			<key>children</key>
			<array>
				<string>A0EF53D81E025E0800DE645C</string>
				<string>A0EF53D91E025E0800DE645C</string>
			</array>
			<key>isa</key>
			<string>PBXGroup</string>
			<key>path</key>
			<string>Main</string>
			<key>sourceTree</key>
			<string>&lt;group&gt;</string>
		</dict>
		<key>A0EF53971E0259C000DE645C</key>
		<dict>
			<key>children</key>
			<array>
				<string>A0EF53DB1E025E1100DE645C</string>
				<string>A0EF53DC1E025E1100DE645C</string>
			</array>
			<key>isa</key>
			<string>PBXGroup</string>
			<key>path</key>
			<string>Mine</string>
			<key>sourceTree</key>
			<string>&lt;group&gt;</string>
		</dict>
		<key>A0EF53981E0259C000DE645C</key>
		<dict>
			<key>children</key>
			<array/>
			<key>isa</key>
			<string>PBXGroup</string>
			<key>path</key>
			<string>Vendors</string>
			<key>sourceTree</key>
			<string>&lt;group&gt;</string>
		</dict>
		<key>A0EF53991E025BAA00DE645C</key>
		<dict>
			<key>fileEncoding</key>
			<string>4</string>
			<key>isa</key>
			<string>PBXFileReference</string>
			<key>lastKnownFileType</key>
			<string>sourcecode.c.h</string>
			<key>path</key>
			<string>DSTabbarVC.h</string>
			<key>sourceTree</key>
			<string>&lt;group&gt;</string>
		</dict>
		<key>A0EF539A1E025BAA00DE645C</key>
		<dict>
			<key>fileEncoding</key>
			<string>4</string>
			<key>isa</key>
			<string>PBXFileReference</string>
			<key>lastKnownFileType</key>
			<string>sourcecode.c.objc</string>
			<key>path</key>
			<string>DSTabbarVC.m</string>
			<key>sourceTree</key>
			<string>&lt;group&gt;</string>
		</dict>
		<key>A0EF539B1E025BAA00DE645C</key>
		<dict>
			<key>fileRef</key>
			<string>A0EF539A1E025BAA00DE645C</string>
			<key>isa</key>
			<string>PBXBuildFile</string>
		</dict>
		<key>A0EF539C1E025BC200DE645C</key>
		<dict>
			<key>fileEncoding</key>
			<string>4</string>
			<key>isa</key>
			<string>PBXFileReference</string>
			<key>lastKnownFileType</key>
			<string>sourcecode.c.h</string>
			<key>path</key>
			<string>RestApi.h</string>
			<key>sourceTree</key>
			<string>&lt;group&gt;</string>
		</dict>
		<key>A0EF539D1E025BC200DE645C</key>
		<dict>
			<key>fileEncoding</key>
			<string>4</string>
			<key>isa</key>
			<string>PBXFileReference</string>
			<key>lastKnownFileType</key>
			<string>sourcecode.c.objc</string>
			<key>path</key>
			<string>RestApi.m</string>
			<key>sourceTree</key>
			<string>&lt;group&gt;</string>
		</dict>
		<key>A0EF539E1E025BC200DE645C</key>
		<dict>
			<key>fileRef</key>
			<string>A0EF539D1E025BC200DE645C</string>
			<key>isa</key>
			<string>PBXBuildFile</string>
		</dict>
		<key>A0EF539F1E025BD300DE645C</key>
		<dict>
			<key>fileEncoding</key>
			<string>4</string>
			<key>isa</key>
			<string>PBXFileReference</string>
			<key>lastKnownFileType</key>
			<string>sourcecode.c.h</string>
			<key>path</key>
			<string>BaseRestApi.h</string>
			<key>sourceTree</key>
			<string>&lt;group&gt;</string>
		</dict>
		<key>A0EF53A01E025BD300DE645C</key>
		<dict>
			<key>fileEncoding</key>
			<string>4</string>
			<key>isa</key>
			<string>PBXFileReference</string>
			<key>lastKnownFileType</key>
			<string>sourcecode.c.objc</string>
			<key>path</key>
			<string>BaseRestApi.m</string>
			<key>sourceTree</key>
			<string>&lt;group&gt;</string>
		</dict>
		<key>A0EF53A11E025BD300DE645C</key>
		<dict>
			<key>fileRef</key>
			<string>A0EF53A01E025BD300DE645C</string>
			<key>isa</key>
			<string>PBXBuildFile</string>
		</dict>
		<key>A0EF53A21E025BE200DE645C</key>
		<dict>
			<key>fileEncoding</key>
			<string>4</string>
			<key>isa</key>
			<string>PBXFileReference</string>
			<key>lastKnownFileType</key>
			<string>sourcecode.c.h</string>
			<key>path</key>
			<string>API_UnitTest.h</string>
			<key>sourceTree</key>
			<string>&lt;group&gt;</string>
		</dict>
		<key>A0EF53A31E025BE200DE645C</key>
		<dict>
			<key>fileEncoding</key>
			<string>4</string>
			<key>isa</key>
			<string>PBXFileReference</string>
			<key>lastKnownFileType</key>
			<string>sourcecode.c.objc</string>
			<key>path</key>
			<string>API_UnitTest.m</string>
			<key>sourceTree</key>
			<string>&lt;group&gt;</string>
		</dict>
		<key>A0EF53A41E025BE200DE645C</key>
		<dict>
			<key>fileRef</key>
			<string>A0EF53A31E025BE200DE645C</string>
			<key>isa</key>
			<string>PBXBuildFile</string>
		</dict>
		<key>A0EF53A51E025C2200DE645C</key>
		<dict>
			<key>children</key>
			<array/>
			<key>isa</key>
			<string>PBXGroup</string>
			<key>path</key>
			<string>Auth</string>
			<key>sourceTree</key>
			<string>&lt;group&gt;</string>
		</dict>
		<key>A0EF53A61E025C2200DE645C</key>
		<dict>
			<key>children</key>
			<array/>
			<key>isa</key>
			<string>PBXGroup</string>
			<key>path</key>
			<string>Library</string>
			<key>sourceTree</key>
			<string>&lt;group&gt;</string>
		</dict>
		<key>A0EF53A71E025C2200DE645C</key>
		<dict>
			<key>children</key>
			<array/>
			<key>isa</key>
			<string>PBXGroup</string>
			<key>path</key>
			<string>Main</string>
			<key>sourceTree</key>
			<string>&lt;group&gt;</string>
		</dict>
		<key>A0EF53A81E025C2200DE645C</key>
		<dict>
			<key>children</key>
			<array/>
			<key>isa</key>
			<string>PBXGroup</string>
			<key>path</key>
			<string>Mine</string>
			<key>sourceTree</key>
			<string>&lt;group&gt;</string>
		</dict>
		<key>A0EF53B21E025CBD00DE645C</key>
		<dict>
			<key>children</key>
			<array>
				<string>A0EF53BE1E025CEF00DE645C</string>
				<string>A0EF53BF1E025CEF00DE645C</string>
			</array>
			<key>isa</key>
			<string>PBXGroup</string>
			<key>path</key>
			<string>Cell</string>
			<key>sourceTree</key>
			<string>&lt;group&gt;</string>
		</dict>
		<key>A0EF53B31E025CBD00DE645C</key>
		<dict>
			<key>children</key>
			<array>
				<string>A0EF53B51E025CC400DE645C</string>
				<string>A0EF53B61E025CC400DE645C</string>
				<string>A0EF53B71E025CC400DE645C</string>
				<string>A0EF53B81E025CC400DE645C</string>
				<string>A0EF53B91E025CC400DE645C</string>
				<string>A0EF53BA1E025CC500DE645C</string>
			</array>
			<key>isa</key>
			<string>PBXGroup</string>
			<key>path</key>
			<string>VC</string>
			<key>sourceTree</key>
			<string>&lt;group&gt;</string>
		</dict>
		<key>A0EF53B41E025CBD00DE645C</key>
		<dict>
			<key>children</key>
			<array>
				<string>A0EF53C11E025D0800DE645C</string>
				<string>A0EF53C21E025D0800DE645C</string>
			</array>
			<key>isa</key>
			<string>PBXGroup</string>
			<key>path</key>
			<string>View</string>
			<key>sourceTree</key>
			<string>&lt;group&gt;</string>
		</dict>
		<key>A0EF53B51E025CC400DE645C</key>
		<dict>
			<key>fileEncoding</key>
			<string>4</string>
			<key>isa</key>
			<string>PBXFileReference</string>
			<key>lastKnownFileType</key>
			<string>sourcecode.c.h</string>
			<key>path</key>
			<string>BaseLoadTC.h</string>
			<key>sourceTree</key>
			<string>&lt;group&gt;</string>
		</dict>
		<key>A0EF53B61E025CC400DE645C</key>
		<dict>
			<key>fileEncoding</key>
			<string>4</string>
			<key>isa</key>
			<string>PBXFileReference</string>
			<key>lastKnownFileType</key>
			<string>sourcecode.c.objc</string>
			<key>path</key>
			<string>BaseLoadTC.m</string>
			<key>sourceTree</key>
			<string>&lt;group&gt;</string>
		</dict>
		<key>A0EF53B71E025CC400DE645C</key>
		<dict>
			<key>fileEncoding</key>
			<string>4</string>
			<key>isa</key>
			<string>PBXFileReference</string>
			<key>lastKnownFileType</key>
			<string>sourcecode.c.h</string>
			<key>path</key>
			<string>BaseTC.h</string>
			<key>sourceTree</key>
			<string>&lt;group&gt;</string>
		</dict>
		<key>A0EF53B81E025CC400DE645C</key>
		<dict>
			<key>fileEncoding</key>
			<string>4</string>
			<key>isa</key>
			<string>PBXFileReference</string>
			<key>lastKnownFileType</key>
			<string>sourcecode.c.objc</string>
			<key>path</key>
			<string>BaseTC.m</string>
			<key>sourceTree</key>
			<string>&lt;group&gt;</string>
		</dict>
		<key>A0EF53B91E025CC400DE645C</key>
		<dict>
			<key>fileEncoding</key>
			<string>4</string>
			<key>isa</key>
			<string>PBXFileReference</string>
			<key>lastKnownFileType</key>
			<string>sourcecode.c.h</string>
			<key>path</key>
			<string>BaseVC.h</string>
			<key>sourceTree</key>
			<string>&lt;group&gt;</string>
		</dict>
		<key>A0EF53BA1E025CC500DE645C</key>
		<dict>
			<key>fileEncoding</key>
			<string>4</string>
			<key>isa</key>
			<string>PBXFileReference</string>
			<key>lastKnownFileType</key>
			<string>sourcecode.c.objc</string>
			<key>path</key>
			<string>BaseVC.m</string>
			<key>sourceTree</key>
			<string>&lt;group&gt;</string>
		</dict>
		<key>A0EF53BB1E025CC500DE645C</key>
		<dict>
			<key>fileRef</key>
			<string>A0EF53B61E025CC400DE645C</string>
			<key>isa</key>
			<string>PBXBuildFile</string>
		</dict>
		<key>A0EF53BC1E025CC500DE645C</key>
		<dict>
			<key>fileRef</key>
			<string>A0EF53B81E025CC400DE645C</string>
			<key>isa</key>
			<string>PBXBuildFile</string>
		</dict>
		<key>A0EF53BD1E025CC500DE645C</key>
		<dict>
			<key>fileRef</key>
			<string>A0EF53BA1E025CC500DE645C</string>
			<key>isa</key>
			<string>PBXBuildFile</string>
		</dict>
		<key>A0EF53BE1E025CEF00DE645C</key>
		<dict>
			<key>fileEncoding</key>
			<string>4</string>
			<key>isa</key>
			<string>PBXFileReference</string>
			<key>lastKnownFileType</key>
			<string>sourcecode.c.h</string>
			<key>path</key>
			<string>BaseTCell.h</string>
			<key>sourceTree</key>
			<string>&lt;group&gt;</string>
		</dict>
		<key>A0EF53BF1E025CEF00DE645C</key>
		<dict>
			<key>fileEncoding</key>
			<string>4</string>
			<key>isa</key>
			<string>PBXFileReference</string>
			<key>lastKnownFileType</key>
			<string>sourcecode.c.objc</string>
			<key>path</key>
			<string>BaseTCell.m</string>
			<key>sourceTree</key>
			<string>&lt;group&gt;</string>
		</dict>
		<key>A0EF53C01E025CEF00DE645C</key>
		<dict>
			<key>fileRef</key>
			<string>A0EF53BF1E025CEF00DE645C</string>
			<key>isa</key>
			<string>PBXBuildFile</string>
		</dict>
		<key>A0EF53C11E025D0800DE645C</key>
		<dict>
			<key>fileEncoding</key>
			<string>4</string>
			<key>isa</key>
			<string>PBXFileReference</string>
			<key>lastKnownFileType</key>
			<string>sourcecode.c.h</string>
			<key>path</key>
			<string>BaseView.h</string>
			<key>sourceTree</key>
			<string>&lt;group&gt;</string>
		</dict>
		<key>A0EF53C21E025D0800DE645C</key>
		<dict>
			<key>fileEncoding</key>
			<string>4</string>
			<key>isa</key>
			<string>PBXFileReference</string>
			<key>lastKnownFileType</key>
			<string>sourcecode.c.objc</string>
			<key>path</key>
			<string>BaseView.m</string>
			<key>sourceTree</key>
			<string>&lt;group&gt;</string>
		</dict>
		<key>A0EF53C31E025D0800DE645C</key>
		<dict>
			<key>fileRef</key>
			<string>A0EF53C21E025D0800DE645C</string>
			<key>isa</key>
			<string>PBXBuildFile</string>
		</dict>
		<key>A0EF53C41E025D4000DE645C</key>
		<dict>
			<key>isa</key>
			<string>PBXFileReference</string>
			<key>lastKnownFileType</key>
			<string>sourcecode.c.h</string>
			<key>path</key>
			<string>AppMacro.h</string>
			<key>sourceTree</key>
			<string>&lt;group&gt;</string>
		</dict>
		<key>A0EF53C51E025D4600DE645C</key>
		<dict>
			<key>isa</key>
			<string>PBXFileReference</string>
			<key>lastKnownFileType</key>
			<string>sourcecode.c.h</string>
			<key>path</key>
			<string>BlockMacro.h</string>
			<key>sourceTree</key>
			<string>&lt;group&gt;</string>
		</dict>
		<key>A0EF53C61E025D4D00DE645C</key>
		<dict>
			<key>isa</key>
			<string>PBXFileReference</string>
			<key>lastKnownFileType</key>
			<string>sourcecode.c.h</string>
			<key>path</key>
			<string>UIMacro.h</string>
			<key>sourceTree</key>
			<string>&lt;group&gt;</string>
		</dict>
		<key>A0EF53C71E025D5B00DE645C</key>
		<dict>
			<key>isa</key>
			<string>PBXFileReference</string>
			<key>lastKnownFileType</key>
			<string>sourcecode.c.h</string>
			<key>path</key>
			<string>UtilsMacro.h</string>
			<key>sourceTree</key>
			<string>&lt;group&gt;</string>
		</dict>
		<key>A0EF53C81E025D6F00DE645C</key>
		<dict>
			<key>fileEncoding</key>
			<string>4</string>
			<key>isa</key>
			<string>PBXFileReference</string>
			<key>lastKnownFileType</key>
			<string>sourcecode.c.h</string>
			<key>path</key>
			<string>JSONModel.h</string>
			<key>sourceTree</key>
			<string>&lt;group&gt;</string>
		</dict>
		<key>A0EF53C91E025D6F00DE645C</key>
		<dict>
			<key>fileEncoding</key>
			<string>4</string>
			<key>isa</key>
			<string>PBXFileReference</string>
			<key>lastKnownFileType</key>
			<string>sourcecode.c.objc</string>
			<key>path</key>
			<string>JSONModel.m</string>
			<key>sourceTree</key>
			<string>&lt;group&gt;</string>
		</dict>
		<key>A0EF53CA1E025D6F00DE645C</key>
		<dict>
			<key>fileRef</key>
			<string>A0EF53C91E025D6F00DE645C</string>
			<key>isa</key>
			<string>PBXBuildFile</string>
		</dict>
		<key>A0EF53CB1E025D7C00DE645C</key>
		<dict>
			<key>fileEncoding</key>
			<string>4</string>
			<key>isa</key>
			<string>PBXFileReference</string>
			<key>lastKnownFileType</key>
			<string>sourcecode.c.h</string>
			<key>path</key>
			<string>UserModel.h</string>
			<key>sourceTree</key>
			<string>&lt;group&gt;</string>
		</dict>
		<key>A0EF53CC1E025D7C00DE645C</key>
		<dict>
			<key>fileEncoding</key>
			<string>4</string>
			<key>isa</key>
			<string>PBXFileReference</string>
			<key>lastKnownFileType</key>
			<string>sourcecode.c.objc</string>
			<key>path</key>
			<string>UserModel.m</string>
			<key>sourceTree</key>
			<string>&lt;group&gt;</string>
		</dict>
		<key>A0EF53CD1E025D7C00DE645C</key>
		<dict>
			<key>fileRef</key>
			<string>A0EF53CC1E025D7C00DE645C</string>
			<key>isa</key>
			<string>PBXBuildFile</string>
		</dict>
		<key>A0EF53CE1E025DAB00DE645C</key>
		<dict>
			<key>children</key>
			<array>
				<string>A0EF53CF1E025DB900DE645C</string>
				<string>A0EF53D01E025DB900DE645C</string>
			</array>
			<key>isa</key>
			<string>PBXGroup</string>
			<key>path</key>
			<string>Service</string>
			<key>sourceTree</key>
			<string>&lt;group&gt;</string>
		</dict>
		<key>A0EF53CF1E025DB900DE645C</key>
		<dict>
			<key>fileEncoding</key>
			<string>4</string>
			<key>isa</key>
			<string>PBXFileReference</string>
			<key>lastKnownFileType</key>
			<string>sourcecode.c.h</string>
			<key>path</key>
			<string>Workspace.h</string>
			<key>sourceTree</key>
			<string>&lt;group&gt;</string>
		</dict>
		<key>A0EF53D01E025DB900DE645C</key>
		<dict>
			<key>fileEncoding</key>
			<string>4</string>
			<key>isa</key>
			<string>PBXFileReference</string>
			<key>lastKnownFileType</key>
			<string>sourcecode.c.objc</string>
			<key>path</key>
			<string>Workspace.m</string>
			<key>sourceTree</key>
			<string>&lt;group&gt;</string>
		</dict>
		<key>A0EF53D11E025DB900DE645C</key>
		<dict>
			<key>fileRef</key>
			<string>A0EF53D01E025DB900DE645C</string>
			<key>isa</key>
			<string>PBXBuildFile</string>
		</dict>
		<key>A0EF53D21E025DF100DE645C</key>
		<dict>
			<key>fileEncoding</key>
			<string>4</string>
			<key>isa</key>
			<string>PBXFileReference</string>
			<key>lastKnownFileType</key>
			<string>sourcecode.c.h</string>
			<key>path</key>
			<string>LoginVC.h</string>
			<key>sourceTree</key>
			<string>&lt;group&gt;</string>
		</dict>
		<key>A0EF53D31E025DF100DE645C</key>
		<dict>
			<key>fileEncoding</key>
			<string>4</string>
			<key>isa</key>
			<string>PBXFileReference</string>
			<key>lastKnownFileType</key>
			<string>sourcecode.c.objc</string>
			<key>path</key>
			<string>LoginVC.m</string>
			<key>sourceTree</key>
			<string>&lt;group&gt;</string>
		</dict>
		<key>A0EF53D41E025DF100DE645C</key>
		<dict>
			<key>fileRef</key>
			<string>A0EF53D31E025DF100DE645C</string>
			<key>isa</key>
			<string>PBXBuildFile</string>
		</dict>
		<key>A0EF53D51E025E0000DE645C</key>
		<dict>
			<key>fileEncoding</key>
			<string>4</string>
			<key>isa</key>
			<string>PBXFileReference</string>
			<key>lastKnownFileType</key>
			<string>sourcecode.c.h</string>
			<key>path</key>
			<string>LibraryVC.h</string>
			<key>sourceTree</key>
			<string>&lt;group&gt;</string>
		</dict>
		<key>A0EF53D61E025E0000DE645C</key>
		<dict>
			<key>fileEncoding</key>
			<string>4</string>
			<key>isa</key>
			<string>PBXFileReference</string>
			<key>lastKnownFileType</key>
			<string>sourcecode.c.objc</string>
			<key>path</key>
			<string>LibraryVC.m</string>
			<key>sourceTree</key>
			<string>&lt;group&gt;</string>
		</dict>
		<key>A0EF53D71E025E0000DE645C</key>
		<dict>
			<key>fileRef</key>
			<string>A0EF53D61E025E0000DE645C</string>
			<key>isa</key>
			<string>PBXBuildFile</string>
		</dict>
		<key>A0EF53D81E025E0800DE645C</key>
		<dict>
			<key>fileEncoding</key>
			<string>4</string>
			<key>isa</key>
			<string>PBXFileReference</string>
			<key>lastKnownFileType</key>
			<string>sourcecode.c.h</string>
			<key>path</key>
			<string>MainVC.h</string>
			<key>sourceTree</key>
			<string>&lt;group&gt;</string>
		</dict>
		<key>A0EF53D91E025E0800DE645C</key>
		<dict>
			<key>fileEncoding</key>
			<string>4</string>
			<key>isa</key>
			<string>PBXFileReference</string>
			<key>lastKnownFileType</key>
			<string>sourcecode.c.objc</string>
			<key>path</key>
			<string>MainVC.m</string>
			<key>sourceTree</key>
			<string>&lt;group&gt;</string>
		</dict>
		<key>A0EF53DA1E025E0800DE645C</key>
		<dict>
			<key>fileRef</key>
			<string>A0EF53D91E025E0800DE645C</string>
			<key>isa</key>
			<string>PBXBuildFile</string>
		</dict>
		<key>A0EF53DB1E025E1100DE645C</key>
		<dict>
			<key>fileEncoding</key>
			<string>4</string>
			<key>isa</key>
			<string>PBXFileReference</string>
			<key>lastKnownFileType</key>
			<string>sourcecode.c.h</string>
			<key>path</key>
			<string>MineVC.h</string>
			<key>sourceTree</key>
			<string>&lt;group&gt;</string>
		</dict>
		<key>A0EF53DC1E025E1100DE645C</key>
		<dict>
			<key>fileEncoding</key>
			<string>4</string>
			<key>isa</key>
			<string>PBXFileReference</string>
			<key>lastKnownFileType</key>
			<string>sourcecode.c.objc</string>
			<key>path</key>
			<string>MineVC.m</string>
			<key>sourceTree</key>
			<string>&lt;group&gt;</string>
		</dict>
		<key>A0EF53DD1E025E1100DE645C</key>
		<dict>
			<key>fileRef</key>
			<string>A0EF53DC1E025E1100DE645C</string>
			<key>isa</key>
			<string>PBXBuildFile</string>
		</dict>
		<key>A0EF53DE1E025E2A00DE645C</key>
		<dict>
			<key>isa</key>
			<string>PBXFileReference</string>
			<key>lastKnownFileType</key>
			<string>sourcecode.c.h</string>
			<key>path</key>
			<string>PrefixHeader.pch</string>
			<key>sourceTree</key>
			<string>&lt;group&gt;</string>
		</dict>
		<key>A96AC59FACAAD8615B39C4C0</key>
		<dict>
			<key>buildActionMask</key>
			<string>2147483647</string>
			<key>files</key>
			<array/>
			<key>inputPaths</key>
			<array/>
			<key>isa</key>
			<string>PBXShellScriptBuildPhase</string>
			<key>name</key>
			<string>[CP] Check Pods Manifest.lock</string>
			<key>outputPaths</key>
			<array/>
			<key>runOnlyForDeploymentPostprocessing</key>
			<string>0</string>
			<key>shellPath</key>
			<string>/bin/sh</string>
			<key>shellScript</key>
			<string>diff "${PODS_ROOT}/../Podfile.lock" "${PODS_ROOT}/Manifest.lock" &gt; /dev/null
if [[ $? != 0 ]] ; then
    cat &lt;&lt; EOM
error: The sandbox is not in sync with the Podfile.lock. Run 'pod install' or update your CocoaPods installation.
EOM
    exit 1
fi
</string>
			<key>showEnvVarsInLog</key>
			<string>0</string>
		</dict>
		<key>CEBE9BB6FB0A194CA0F41C18</key>
		<dict>
			<key>fileRef</key>
			<string>53126889A48A2F4D92DBE689</string>
			<key>isa</key>
			<string>PBXBuildFile</string>
		</dict>
	</dict>
	<key>rootObject</key>
	<string>A0EF534E1E0258D500DE645C</string>
</dict>
</plist>
